# This file is automatically @generated by Cargo.
# It is not intended for manual editing.
version = 3

[[package]]
name = "aho-corasick"
version = "0.5.3"
source = "registry+https://github.com/rust-lang/crates.io-index"
checksum = "ca972c2ea5f742bfce5687b9aef75506a764f61d37f8f649047846a9686ddb66"
dependencies = [
 "memchr",
]

[[package]]
name = "cc"
version = "1.0.72"
source = "registry+https://github.com/rust-lang/crates.io-index"
checksum = "22a9137b95ea06864e018375b72adfb7db6e6f68cfc8df5a04d00288050485ee"

[[package]]
name = "hello"
version = "0.1.0"
dependencies = [
 "wx",
 "wx-base",
]

[[package]]
name = "kernel32-sys"
version = "0.2.2"
source = "registry+https://github.com/rust-lang/crates.io-index"
checksum = "7507624b29483431c0ba2d82aece8ca6cdba9382bff4ddd0f7490560c056098d"
dependencies = [
 "winapi",
 "winapi-build",
]

[[package]]
name = "libc"
version = "0.2.127"
source = "registry+https://github.com/rust-lang/crates.io-index"
checksum = "505e71a4706fa491e9b1b55f51b95d4037d0821ee40131190475f692b35b009b"

[[package]]
name = "memchr"
version = "0.1.11"
source = "registry+https://github.com/rust-lang/crates.io-index"
checksum = "d8b629fb514376c675b98c1421e80b151d3817ac42d7c667717d282761418d20"
dependencies = [
 "libc",
]

[[package]]
name = "minimal"
version = "0.1.0"
dependencies = [
 "wx",
 "wx-base",
]

[[package]]
name = "regex"
version = "0.1.80"
source = "registry+https://github.com/rust-lang/crates.io-index"
checksum = "4fd4ace6a8cf7860714a2c2280d6c1f7e6a413486c13298bbc86fd3da019402f"
dependencies = [
 "aho-corasick",
 "memchr",
 "regex-syntax",
 "thread_local",
 "utf8-ranges",
]

[[package]]
name = "regex-syntax"
version = "0.3.9"
source = "registry+https://github.com/rust-lang/crates.io-index"
checksum = "f9ec002c35e86791825ed294b50008eea9ddfc8def4420124fbc6b08db834957"

[[package]]
name = "thread-id"
version = "2.0.0"
source = "registry+https://github.com/rust-lang/crates.io-index"
checksum = "a9539db560102d1cef46b8b78ce737ff0bb64e7e18d35b2a5688f7d097d0ff03"
dependencies = [
 "kernel32-sys",
 "libc",
]

[[package]]
name = "thread_local"
version = "0.2.7"
source = "registry+https://github.com/rust-lang/crates.io-index"
checksum = "8576dbbfcaef9641452d5cf0df9b0e7eeab7694956dd33bb61515fb8f18cfdd5"
dependencies = [
 "thread-id",
]

[[package]]
name = "utf8-ranges"
version = "0.1.3"
source = "registry+https://github.com/rust-lang/crates.io-index"
checksum = "a1ca13c08c41c9c3e04224ed9ff80461d97e121589ff27c753a16cb10830ae0f"

[[package]]
name = "widgets"
version = "0.1.0"
dependencies = [
 "regex",
 "wx",
 "wx-base",
]

[[package]]
name = "winapi"
version = "0.2.8"
source = "registry+https://github.com/rust-lang/crates.io-index"
checksum = "167dc9d6949a9b857f3451275e911c3f44255842c1f7a76f33c55103a909087a"

[[package]]
name = "winapi-build"
version = "0.1.1"
source = "registry+https://github.com/rust-lang/crates.io-index"
checksum = "2d315eee3b34aca4797b2da6b13ed88266e6d612562a0c46390af8299fc699bc"

[[package]]
name = "wrapsizer"
version = "0.1.0"
dependencies = [
 "wx",
 "wx-base",
]

[[package]]
name = "wx"
version = "0.1.0"
dependencies = [
 "cc",
 "wx-base",
 "wx-universal-apple-darwin",
 "wx-x86_64-pc-windows-gnu",
 "wx-x86_64-pc-windows-msvc",
 "wxrust-config",
]

[[package]]
name = "wx-base"
version = "0.1.0"
dependencies = [
 "cc",
 "wx-universal-apple-darwin",
 "wx-x86_64-pc-windows-gnu",
 "wx-x86_64-pc-windows-msvc",
 "wxrust-config",
]

[[package]]
name = "wx-universal-apple-darwin"
version = "3.1.6"
source = "git+https://github.com/ancwrd1/wx-universal-apple-darwin#4e512d2c125436007a7ee1331a48d8b5de430fb4"

[[package]]
name = "wx-x86_64-pc-windows-gnu"
version = "3.1.6"
source = "git+https://github.com/ancwrd1/wx-x86_64-pc-windows-gnu#b41af996f766692e2d08926dbd2660091a654916"

[[package]]
name = "wx-x86_64-pc-windows-msvc"
version = "3.2.0"
source = "git+https://github.com/kenz-gelsoft/wx-x86_64-pc-windows-msvc#ed36771152a5c03212bce34b17d95629e1f8f8a9"

[[package]]
name = "wxrust-config"
version = "0.1.0"
dependencies = [
 "cc",
]
